// !$*UTF8*$!
{
	archiveVersion = 1;
	classes = {
	};
	objectVersion = 50;
	objects = {

/* Begin PBXBuildFile section */
		0633DDC9243CCE9300EFB86D /* Timer.storyboard in Resources */ = {isa = PBXBuildFile; fileRef = 0633DDCB243CCE9300EFB86D /* Timer.storyboard */; };
		0633DDCD243D015C00EFB86D /* TimerConfigViewController.swift in Sources */ = {isa = PBXBuildFile; fileRef = 0633DDCC243D015C00EFB86D /* TimerConfigViewController.swift */; };
		0633DDCF243D026A00EFB86D /* SettingsDelegate.swift in Sources */ = {isa = PBXBuildFile; fileRef = 0633DDCE243D026A00EFB86D /* SettingsDelegate.swift */; };
		0633DDD2243FDA0800EFB86D /* TimerConfig.storyboard in Resources */ = {isa = PBXBuildFile; fileRef = 0633DDD1243FDA0700EFB86D /* TimerConfig.storyboard */; };
		0633DDD82440275000EFB86D /* Premium.storyboard in Resources */ = {isa = PBXBuildFile; fileRef = 0633DDD72440275000EFB86D /* Premium.storyboard */; };
		0633DDDA24402BD600EFB86D /* Preferences.storyboard in Resources */ = {isa = PBXBuildFile; fileRef = 0633DDD924402BD600EFB86D /* Preferences.storyboard */; };
		0633DDDC24402C8B00EFB86D /* TabBar.storyboard in Resources */ = {isa = PBXBuildFile; fileRef = 0633DDDB24402C8B00EFB86D /* TabBar.storyboard */; };
		0633DDDE24438F0000EFB86D /* PreferencesViewController.swift in Sources */ = {isa = PBXBuildFile; fileRef = 0633DDDD24438F0000EFB86D /* PreferencesViewController.swift */; };
		0633DDE02443960200EFB86D /* PreferencesModel.swift in Sources */ = {isa = PBXBuildFile; fileRef = 0633DDDF2443960200EFB86D /* PreferencesModel.swift */; };
		0633DDE424449F3300EFB86D /* UserDefaultKeys.swift in Sources */ = {isa = PBXBuildFile; fileRef = 0633DDE324449F3300EFB86D /* UserDefaultKeys.swift */; };
		0633DDEB24450F6C00EFB86D /* PremiumViewController.swift in Sources */ = {isa = PBXBuildFile; fileRef = 0633DDEA24450F6C00EFB86D /* PremiumViewController.swift */; };
		0633DDED24450FC200EFB86D /* SignPremiumViewController.swift in Sources */ = {isa = PBXBuildFile; fileRef = 0633DDEC24450FC200EFB86D /* SignPremiumViewController.swift */; };
		06991809243CB75300077F61 /* AppDelegate.swift in Sources */ = {isa = PBXBuildFile; fileRef = 06991808243CB75300077F61 /* AppDelegate.swift */; };
		0699180B243CB75300077F61 /* SceneDelegate.swift in Sources */ = {isa = PBXBuildFile; fileRef = 0699180A243CB75300077F61 /* SceneDelegate.swift */; };
		06991812243CB75800077F61 /* Assets.xcassets in Resources */ = {isa = PBXBuildFile; fileRef = 06991811243CB75800077F61 /* Assets.xcassets */; };
		06991815243CB75800077F61 /* LaunchScreen.storyboard in Resources */ = {isa = PBXBuildFile; fileRef = 06991813243CB75800077F61 /* LaunchScreen.storyboard */; };
		0699182B243CB75800077F61 /* HoraDoChaUITests.swift in Sources */ = {isa = PBXBuildFile; fileRef = 0699182A243CB75800077F61 /* HoraDoChaUITests.swift */; };
		0699183C243CC28100077F61 /* TimerViewController.swift in Sources */ = {isa = PBXBuildFile; fileRef = 0699183B243CC28100077F61 /* TimerViewController.swift */; };
		0699183F243CC2C700077F61 /* TeaTimerModel.swift in Sources */ = {isa = PBXBuildFile; fileRef = 0699183E243CC2C700077F61 /* TeaTimerModel.swift */; };
		77D24F2624BB7C24006ED177 /* TearTimeModelTests.swift in Sources */ = {isa = PBXBuildFile; fileRef = 77D24F2524BB7C24006ED177 /* TearTimeModelTests.swift */; };
		77D24F2824BB7C6D006ED177 /* PreferencesModelTests.swift in Sources */ = {isa = PBXBuildFile; fileRef = 77D24F2724BB7C6D006ED177 /* PreferencesModelTests.swift */; };
		81E1FFD9244A0130006CB542 /* TimerDelegate.swift in Sources */ = {isa = PBXBuildFile; fileRef = 81E1FFD8244A0130006CB542 /* TimerDelegate.swift */; };
/* End PBXBuildFile section */

/* Begin PBXContainerItemProxy section */
		0699181C243CB75800077F61 /* PBXContainerItemProxy */ = {
			isa = PBXContainerItemProxy;
			containerPortal = 069917FD243CB75300077F61 /* Project object */;
			proxyType = 1;
			remoteGlobalIDString = 06991804243CB75300077F61;
			remoteInfo = HoraDoCha;
		};
		06991827243CB75800077F61 /* PBXContainerItemProxy */ = {
			isa = PBXContainerItemProxy;
			containerPortal = 069917FD243CB75300077F61 /* Project object */;
			proxyType = 1;
			remoteGlobalIDString = 06991804243CB75300077F61;
			remoteInfo = HoraDoCha;
		};
/* End PBXContainerItemProxy section */

/* Begin PBXFileReference section */
		0633DDCA243CCE9300EFB86D /* Base */ = {isa = PBXFileReference; lastKnownFileType = file.storyboard; name = Base; path = Base.lproj/Timer.storyboard; sourceTree = "<group>"; };
		0633DDCC243D015C00EFB86D /* TimerConfigViewController.swift */ = {isa = PBXFileReference; lastKnownFileType = sourcecode.swift; path = TimerConfigViewController.swift; sourceTree = "<group>"; };
		0633DDCE243D026A00EFB86D /* SettingsDelegate.swift */ = {isa = PBXFileReference; lastKnownFileType = sourcecode.swift; path = SettingsDelegate.swift; sourceTree = "<group>"; };
		0633DDD1243FDA0700EFB86D /* TimerConfig.storyboard */ = {isa = PBXFileReference; lastKnownFileType = file.storyboard; path = TimerConfig.storyboard; sourceTree = "<group>"; };
		0633DDD72440275000EFB86D /* Premium.storyboard */ = {isa = PBXFileReference; lastKnownFileType = file.storyboard; path = Premium.storyboard; sourceTree = "<group>"; };
		0633DDD924402BD600EFB86D /* Preferences.storyboard */ = {isa = PBXFileReference; lastKnownFileType = file.storyboard; path = Preferences.storyboard; sourceTree = "<group>"; };
		0633DDDB24402C8B00EFB86D /* TabBar.storyboard */ = {isa = PBXFileReference; lastKnownFileType = file.storyboard; path = TabBar.storyboard; sourceTree = "<group>"; };
		0633DDDD24438F0000EFB86D /* PreferencesViewController.swift */ = {isa = PBXFileReference; lastKnownFileType = sourcecode.swift; path = PreferencesViewController.swift; sourceTree = "<group>"; };
		0633DDDF2443960200EFB86D /* PreferencesModel.swift */ = {isa = PBXFileReference; lastKnownFileType = sourcecode.swift; path = PreferencesModel.swift; sourceTree = "<group>"; };
		0633DDE324449F3300EFB86D /* UserDefaultKeys.swift */ = {isa = PBXFileReference; lastKnownFileType = sourcecode.swift; path = UserDefaultKeys.swift; sourceTree = "<group>"; };
		0633DDEA24450F6C00EFB86D /* PremiumViewController.swift */ = {isa = PBXFileReference; lastKnownFileType = sourcecode.swift; path = PremiumViewController.swift; sourceTree = "<group>"; };
		0633DDEC24450FC200EFB86D /* SignPremiumViewController.swift */ = {isa = PBXFileReference; lastKnownFileType = sourcecode.swift; path = SignPremiumViewController.swift; sourceTree = "<group>"; };
		06991805243CB75300077F61 /* HoraDoCha.app */ = {isa = PBXFileReference; includeInIndex = 0; lastKnownFileType = wrapper.application; path = HoraDoCha.app; sourceTree = BUILT_PRODUCTS_DIR; };
		06991808243CB75300077F61 /* AppDelegate.swift */ = {isa = PBXFileReference; lastKnownFileType = sourcecode.swift; path = AppDelegate.swift; sourceTree = "<group>"; };
		0699180A243CB75300077F61 /* SceneDelegate.swift */ = {isa = PBXFileReference; lastKnownFileType = sourcecode.swift; path = SceneDelegate.swift; sourceTree = "<group>"; };
		06991811243CB75800077F61 /* Assets.xcassets */ = {isa = PBXFileReference; lastKnownFileType = folder.assetcatalog; path = Assets.xcassets; sourceTree = "<group>"; };
		06991814243CB75800077F61 /* Base */ = {isa = PBXFileReference; lastKnownFileType = file.storyboard; name = Base; path = Base.lproj/LaunchScreen.storyboard; sourceTree = "<group>"; };
		06991816243CB75800077F61 /* Info.plist */ = {isa = PBXFileReference; lastKnownFileType = text.plist.xml; path = Info.plist; sourceTree = "<group>"; };
		0699181B243CB75800077F61 /* HoraDoChaTests.xctest */ = {isa = PBXFileReference; explicitFileType = wrapper.cfbundle; includeInIndex = 0; path = HoraDoChaTests.xctest; sourceTree = BUILT_PRODUCTS_DIR; };
		06991821243CB75800077F61 /* Info.plist */ = {isa = PBXFileReference; lastKnownFileType = text.plist.xml; path = Info.plist; sourceTree = "<group>"; };
		06991826243CB75800077F61 /* HoraDoChaUITests.xctest */ = {isa = PBXFileReference; explicitFileType = wrapper.cfbundle; includeInIndex = 0; path = HoraDoChaUITests.xctest; sourceTree = BUILT_PRODUCTS_DIR; };
		0699182A243CB75800077F61 /* HoraDoChaUITests.swift */ = {isa = PBXFileReference; lastKnownFileType = sourcecode.swift; path = HoraDoChaUITests.swift; sourceTree = "<group>"; };
		0699182C243CB75800077F61 /* Info.plist */ = {isa = PBXFileReference; lastKnownFileType = text.plist.xml; path = Info.plist; sourceTree = "<group>"; };
		0699183B243CC28100077F61 /* TimerViewController.swift */ = {isa = PBXFileReference; lastKnownFileType = sourcecode.swift; path = TimerViewController.swift; sourceTree = "<group>"; };
		0699183E243CC2C700077F61 /* TeaTimerModel.swift */ = {isa = PBXFileReference; lastKnownFileType = sourcecode.swift; path = TeaTimerModel.swift; sourceTree = "<group>"; };
		77D24F2524BB7C24006ED177 /* TearTimeModelTests.swift */ = {isa = PBXFileReference; lastKnownFileType = sourcecode.swift; path = TearTimeModelTests.swift; sourceTree = "<group>"; };
		77D24F2724BB7C6D006ED177 /* PreferencesModelTests.swift */ = {isa = PBXFileReference; lastKnownFileType = sourcecode.swift; path = PreferencesModelTests.swift; sourceTree = "<group>"; };
		81E1FFD8244A0130006CB542 /* TimerDelegate.swift */ = {isa = PBXFileReference; lastKnownFileType = sourcecode.swift; path = TimerDelegate.swift; sourceTree = "<group>"; };
/* End PBXFileReference section */

/* Begin PBXFrameworksBuildPhase section */
		06991802243CB75300077F61 /* Frameworks */ = {
			isa = PBXFrameworksBuildPhase;
			buildActionMask = 2147483647;
			files = (
			);
			runOnlyForDeploymentPostprocessing = 0;
		};
		06991818243CB75800077F61 /* Frameworks */ = {
			isa = PBXFrameworksBuildPhase;
			buildActionMask = 2147483647;
			files = (
			);
			runOnlyForDeploymentPostprocessing = 0;
		};
		06991823243CB75800077F61 /* Frameworks */ = {
			isa = PBXFrameworksBuildPhase;
			buildActionMask = 2147483647;
			files = (
			);
			runOnlyForDeploymentPostprocessing = 0;
		};
/* End PBXFrameworksBuildPhase section */

/* Begin PBXGroup section */
		0633DDD0243D027200EFB86D /* Protocols */ = {
			isa = PBXGroup;
			children = (
				0633DDCE243D026A00EFB86D /* SettingsDelegate.swift */,
				81E1FFD8244A0130006CB542 /* TimerDelegate.swift */,
			);
			path = Protocols;
			sourceTree = "<group>";
		};
		069917FC243CB75300077F61 = {
			isa = PBXGroup;
			children = (
				06991807243CB75300077F61 /* HoraDoCha */,
				0699181E243CB75800077F61 /* HoraDoChaTests */,
				06991829243CB75800077F61 /* HoraDoChaUITests */,
				06991806243CB75300077F61 /* Products */,
			);
			sourceTree = "<group>";
		};
		06991806243CB75300077F61 /* Products */ = {
			isa = PBXGroup;
			children = (
				06991805243CB75300077F61 /* HoraDoCha.app */,
				0699181B243CB75800077F61 /* HoraDoChaTests.xctest */,
				06991826243CB75800077F61 /* HoraDoChaUITests.xctest */,
			);
			name = Products;
			sourceTree = "<group>";
		};
		06991807243CB75300077F61 /* HoraDoCha */ = {
			isa = PBXGroup;
			children = (
				06991816243CB75800077F61 /* Info.plist */,
				06991808243CB75300077F61 /* AppDelegate.swift */,
				0699180A243CB75300077F61 /* SceneDelegate.swift */,
				0633DDD0243D027200EFB86D /* Protocols */,
				06991840243CC2D900077F61 /* Model */,
				0699183A243CC1B900077F61 /* View */,
				0699183D243CC28A00077F61 /* Controller */,
			);
			path = HoraDoCha;
			sourceTree = "<group>";
		};
		0699181E243CB75800077F61 /* HoraDoChaTests */ = {
			isa = PBXGroup;
			children = (
				77D24F2524BB7C24006ED177 /* TearTimeModelTests.swift */,
				77D24F2724BB7C6D006ED177 /* PreferencesModelTests.swift */,
				06991821243CB75800077F61 /* Info.plist */,
			);
			path = HoraDoChaTests;
			sourceTree = "<group>";
		};
		06991829243CB75800077F61 /* HoraDoChaUITests */ = {
			isa = PBXGroup;
			children = (
				0699182A243CB75800077F61 /* HoraDoChaUITests.swift */,
				0699182C243CB75800077F61 /* Info.plist */,
			);
			path = HoraDoChaUITests;
			sourceTree = "<group>";
		};
		0699183A243CC1B900077F61 /* View */ = {
			isa = PBXGroup;
			children = (
				0633DDDB24402C8B00EFB86D /* TabBar.storyboard */,
				0633DDD924402BD600EFB86D /* Preferences.storyboard */,
				0633DDCB243CCE9300EFB86D /* Timer.storyboard */,
				0633DDD1243FDA0700EFB86D /* TimerConfig.storyboard */,
				0633DDD72440275000EFB86D /* Premium.storyboard */,
				06991811243CB75800077F61 /* Assets.xcassets */,
				06991813243CB75800077F61 /* LaunchScreen.storyboard */,
			);
			path = View;
			sourceTree = "<group>";
		};
		0699183D243CC28A00077F61 /* Controller */ = {
			isa = PBXGroup;
			children = (
				0699183B243CC28100077F61 /* TimerViewController.swift */,
				0633DDCC243D015C00EFB86D /* TimerConfigViewController.swift */,
				0633DDDD24438F0000EFB86D /* PreferencesViewController.swift */,
				0633DDEA24450F6C00EFB86D /* PremiumViewController.swift */,
				0633DDEC24450FC200EFB86D /* SignPremiumViewController.swift */,
			);
			path = Controller;
			sourceTree = "<group>";
		};
		06991840243CC2D900077F61 /* Model */ = {
			isa = PBXGroup;
			children = (
				0699183E243CC2C700077F61 /* TeaTimerModel.swift */,
				0633DDDF2443960200EFB86D /* PreferencesModel.swift */,
				0633DDE324449F3300EFB86D /* UserDefaultKeys.swift */,
			);
			path = Model;
			sourceTree = "<group>";
		};
/* End PBXGroup section */

/* Begin PBXNativeTarget section */
		06991804243CB75300077F61 /* HoraDoCha */ = {
			isa = PBXNativeTarget;
			buildConfigurationList = 0699182F243CB75800077F61 /* Build configuration list for PBXNativeTarget "HoraDoCha" */;
			buildPhases = (
				06991801243CB75300077F61 /* Sources */,
				06991802243CB75300077F61 /* Frameworks */,
				06991803243CB75300077F61 /* Resources */,
			);
			buildRules = (
			);
			dependencies = (
			);
			name = HoraDoCha;
			productName = HoraDoCha;
			productReference = 06991805243CB75300077F61 /* HoraDoCha.app */;
			productType = "com.apple.product-type.application";
		};
		0699181A243CB75800077F61 /* HoraDoChaTests */ = {
			isa = PBXNativeTarget;
			buildConfigurationList = 06991832243CB75800077F61 /* Build configuration list for PBXNativeTarget "HoraDoChaTests" */;
			buildPhases = (
				06991817243CB75800077F61 /* Sources */,
				06991818243CB75800077F61 /* Frameworks */,
				06991819243CB75800077F61 /* Resources */,
			);
			buildRules = (
			);
			dependencies = (
				0699181D243CB75800077F61 /* PBXTargetDependency */,
			);
			name = HoraDoChaTests;
			productName = HoraDoChaTests;
			productReference = 0699181B243CB75800077F61 /* HoraDoChaTests.xctest */;
			productType = "com.apple.product-type.bundle.unit-test";
		};
		06991825243CB75800077F61 /* HoraDoChaUITests */ = {
			isa = PBXNativeTarget;
			buildConfigurationList = 06991835243CB75800077F61 /* Build configuration list for PBXNativeTarget "HoraDoChaUITests" */;
			buildPhases = (
				06991822243CB75800077F61 /* Sources */,
				06991823243CB75800077F61 /* Frameworks */,
				06991824243CB75800077F61 /* Resources */,
			);
			buildRules = (
			);
			dependencies = (
				06991828243CB75800077F61 /* PBXTargetDependency */,
			);
			name = HoraDoChaUITests;
			productName = HoraDoChaUITests;
			productReference = 06991826243CB75800077F61 /* HoraDoChaUITests.xctest */;
			productType = "com.apple.product-type.bundle.ui-testing";
		};
/* End PBXNativeTarget section */

/* Begin PBXProject section */
		069917FD243CB75300077F61 /* Project object */ = {
			isa = PBXProject;
			attributes = {
				LastSwiftUpdateCheck = 1130;
				LastUpgradeCheck = 1130;
				ORGANIZATIONNAME = "Gabriela Bezerra";
				TargetAttributes = {
					06991804243CB75300077F61 = {
						CreatedOnToolsVersion = 11.3.1;
					};
					0699181A243CB75800077F61 = {
						CreatedOnToolsVersion = 11.3.1;
						LastSwiftMigration = 1150;
						TestTargetID = 06991804243CB75300077F61;
					};
					06991825243CB75800077F61 = {
						CreatedOnToolsVersion = 11.3.1;
						TestTargetID = 06991804243CB75300077F61;
					};
				};
			};
			buildConfigurationList = 06991800243CB75300077F61 /* Build configuration list for PBXProject "HoraDoCha" */;
			compatibilityVersion = "Xcode 9.3";
			developmentRegion = en;
			hasScannedForEncodings = 0;
			knownRegions = (
				en,
				Base,
			);
			mainGroup = 069917FC243CB75300077F61;
			productRefGroup = 06991806243CB75300077F61 /* Products */;
			projectDirPath = "";
			projectRoot = "";
			targets = (
				06991804243CB75300077F61 /* HoraDoCha */,
				0699181A243CB75800077F61 /* HoraDoChaTests */,
				06991825243CB75800077F61 /* HoraDoChaUITests */,
			);
		};
/* End PBXProject section */

/* Begin PBXResourcesBuildPhase section */
		06991803243CB75300077F61 /* Resources */ = {
			isa = PBXResourcesBuildPhase;
			buildActionMask = 2147483647;
			files = (
				06991815243CB75800077F61 /* LaunchScreen.storyboard in Resources */,
				0633DDD2243FDA0800EFB86D /* TimerConfig.storyboard in Resources */,
				0633DDC9243CCE9300EFB86D /* Timer.storyboard in Resources */,
				0633DDDA24402BD600EFB86D /* Preferences.storyboard in Resources */,
				0633DDD82440275000EFB86D /* Premium.storyboard in Resources */,
				0633DDDC24402C8B00EFB86D /* TabBar.storyboard in Resources */,
				06991812243CB75800077F61 /* Assets.xcassets in Resources */,
			);
			runOnlyForDeploymentPostprocessing = 0;
		};
		06991819243CB75800077F61 /* Resources */ = {
			isa = PBXResourcesBuildPhase;
			buildActionMask = 2147483647;
			files = (
			);
			runOnlyForDeploymentPostprocessing = 0;
		};
		06991824243CB75800077F61 /* Resources */ = {
			isa = PBXResourcesBuildPhase;
			buildActionMask = 2147483647;
			files = (
			);
			runOnlyForDeploymentPostprocessing = 0;
		};
/* End PBXResourcesBuildPhase section */

/* Begin PBXSourcesBuildPhase section */
		06991801243CB75300077F61 /* Sources */ = {
			isa = PBXSourcesBuildPhase;
			buildActionMask = 2147483647;
			files = (
				06991809243CB75300077F61 /* AppDelegate.swift in Sources */,
				0633DDED24450FC200EFB86D /* SignPremiumViewController.swift in Sources */,
				0633DDCF243D026A00EFB86D /* SettingsDelegate.swift in Sources */,
				0633DDE424449F3300EFB86D /* UserDefaultKeys.swift in Sources */,
				0699183C243CC28100077F61 /* TimerViewController.swift in Sources */,
				0699183F243CC2C700077F61 /* TeaTimerModel.swift in Sources */,
				81E1FFD9244A0130006CB542 /* TimerDelegate.swift in Sources */,
				0633DDE02443960200EFB86D /* PreferencesModel.swift in Sources */,
				0633DDEB24450F6C00EFB86D /* PremiumViewController.swift in Sources */,
				0633DDCD243D015C00EFB86D /* TimerConfigViewController.swift in Sources */,
				0633DDDE24438F0000EFB86D /* PreferencesViewController.swift in Sources */,
				0699180B243CB75300077F61 /* SceneDelegate.swift in Sources */,
			);
			runOnlyForDeploymentPostprocessing = 0;
		};
		06991817243CB75800077F61 /* Sources */ = {
			isa = PBXSourcesBuildPhase;
			buildActionMask = 2147483647;
			files = (
				77D24F2824BB7C6D006ED177 /* PreferencesModelTests.swift in Sources */,
				77D24F2624BB7C24006ED177 /* TearTimeModelTests.swift in Sources */,
			);
			runOnlyForDeploymentPostprocessing = 0;
		};
		06991822243CB75800077F61 /* Sources */ = {
			isa = PBXSourcesBuildPhase;
			buildActionMask = 2147483647;
			files = (
				0699182B243CB75800077F61 /* HoraDoChaUITests.swift in Sources */,
			);
			runOnlyForDeploymentPostprocessing = 0;
		};
/* End PBXSourcesBuildPhase section */

/* Begin PBXTargetDependency section */
		0699181D243CB75800077F61 /* PBXTargetDependency */ = {
			isa = PBXTargetDependency;
			target = 06991804243CB75300077F61 /* HoraDoCha */;
			targetProxy = 0699181C243CB75800077F61 /* PBXContainerItemProxy */;
		};
		06991828243CB75800077F61 /* PBXTargetDependency */ = {
			isa = PBXTargetDependency;
			target = 06991804243CB75300077F61 /* HoraDoCha */;
			targetProxy = 06991827243CB75800077F61 /* PBXContainerItemProxy */;
		};
/* End PBXTargetDependency section */

/* Begin PBXVariantGroup section */
		0633DDCB243CCE9300EFB86D /* Timer.storyboard */ = {
			isa = PBXVariantGroup;
			children = (
				0633DDCA243CCE9300EFB86D /* Base */,
			);
			name = Timer.storyboard;
			sourceTree = "<group>";
		};
		06991813243CB75800077F61 /* LaunchScreen.storyboard */ = {
			isa = PBXVariantGroup;
			children = (
				06991814243CB75800077F61 /* Base */,
			);
			name = LaunchScreen.storyboard;
			sourceTree = "<group>";
		};
/* End PBXVariantGroup section */

/* Begin XCBuildConfiguration section */
		0699182D243CB75800077F61 /* Debug */ = {
			isa = XCBuildConfiguration;
			buildSettings = {
				ALWAYS_SEARCH_USER_PATHS = NO;
				CLANG_ANALYZER_NONNULL = YES;
				CLANG_ANALYZER_NUMBER_OBJECT_CONVERSION = YES_AGGRESSIVE;
				CLANG_CXX_LANGUAGE_STANDARD = "gnu++14";
				CLANG_CXX_LIBRARY = "libc++";
				CLANG_ENABLE_MODULES = YES;
				CLANG_ENABLE_OBJC_ARC = YES;
				CLANG_ENABLE_OBJC_WEAK = YES;
				CLANG_WARN_BLOCK_CAPTURE_AUTORELEASING = YES;
				CLANG_WARN_BOOL_CONVERSION = YES;
				CLANG_WARN_COMMA = YES;
				CLANG_WARN_CONSTANT_CONVERSION = YES;
				CLANG_WARN_DEPRECATED_OBJC_IMPLEMENTATIONS = YES;
				CLANG_WARN_DIRECT_OBJC_ISA_USAGE = YES_ERROR;
				CLANG_WARN_DOCUMENTATION_COMMENTS = YES;
				CLANG_WARN_EMPTY_BODY = YES;
				CLANG_WARN_ENUM_CONVERSION = YES;
				CLANG_WARN_INFINITE_RECURSION = YES;
				CLANG_WARN_INT_CONVERSION = YES;
				CLANG_WARN_NON_LITERAL_NULL_CONVERSION = YES;
				CLANG_WARN_OBJC_IMPLICIT_RETAIN_SELF = YES;
				CLANG_WARN_OBJC_LITERAL_CONVERSION = YES;
				CLANG_WARN_OBJC_ROOT_CLASS = YES_ERROR;
				CLANG_WARN_RANGE_LOOP_ANALYSIS = YES;
				CLANG_WARN_STRICT_PROTOTYPES = YES;
				CLANG_WARN_SUSPICIOUS_MOVE = YES;
				CLANG_WARN_UNGUARDED_AVAILABILITY = YES_AGGRESSIVE;
				CLANG_WARN_UNREACHABLE_CODE = YES;
				CLANG_WARN__DUPLICATE_METHOD_MATCH = YES;
				COPY_PHASE_STRIP = NO;
				DEBUG_INFORMATION_FORMAT = dwarf;
				ENABLE_STRICT_OBJC_MSGSEND = YES;
				ENABLE_TESTABILITY = YES;
				GCC_C_LANGUAGE_STANDARD = gnu11;
				GCC_DYNAMIC_NO_PIC = NO;
				GCC_NO_COMMON_BLOCKS = YES;
				GCC_OPTIMIZATION_LEVEL = 0;
				GCC_PREPROCESSOR_DEFINITIONS = (
					"DEBUG=1",
					"$(inherited)",
				);
				GCC_WARN_64_TO_32_BIT_CONVERSION = YES;
				GCC_WARN_ABOUT_RETURN_TYPE = YES_ERROR;
				GCC_WARN_UNDECLARED_SELECTOR = YES;
				GCC_WARN_UNINITIALIZED_AUTOS = YES_AGGRESSIVE;
				GCC_WARN_UNUSED_FUNCTION = YES;
				GCC_WARN_UNUSED_VARIABLE = YES;
				IPHONEOS_DEPLOYMENT_TARGET = 13.2;
				MTL_ENABLE_DEBUG_INFO = INCLUDE_SOURCE;
				MTL_FAST_MATH = YES;
				ONLY_ACTIVE_ARCH = YES;
				SDKROOT = iphoneos;
				SWIFT_ACTIVE_COMPILATION_CONDITIONS = DEBUG;
				SWIFT_OPTIMIZATION_LEVEL = "-Onone";
			};
			name = Debug;
		};
		0699182E243CB75800077F61 /* Release */ = {
			isa = XCBuildConfiguration;
			buildSettings = {
				ALWAYS_SEARCH_USER_PATHS = NO;
				CLANG_ANALYZER_NONNULL = YES;
				CLANG_ANALYZER_NUMBER_OBJECT_CONVERSION = YES_AGGRESSIVE;
				CLANG_CXX_LANGUAGE_STANDARD = "gnu++14";
				CLANG_CXX_LIBRARY = "libc++";
				CLANG_ENABLE_MODULES = YES;
				CLANG_ENABLE_OBJC_ARC = YES;
				CLANG_ENABLE_OBJC_WEAK = YES;
				CLANG_WARN_BLOCK_CAPTURE_AUTORELEASING = YES;
				CLANG_WARN_BOOL_CONVERSION = YES;
				CLANG_WARN_COMMA = YES;
				CLANG_WARN_CONSTANT_CONVERSION = YES;
				CLANG_WARN_DEPRECATED_OBJC_IMPLEMENTATIONS = YES;
				CLANG_WARN_DIRECT_OBJC_ISA_USAGE = YES_ERROR;
				CLANG_WARN_DOCUMENTATION_COMMENTS = YES;
				CLANG_WARN_EMPTY_BODY = YES;
				CLANG_WARN_ENUM_CONVERSION = YES;
				CLANG_WARN_INFINITE_RECURSION = YES;
				CLANG_WARN_INT_CONVERSION = YES;
				CLANG_WARN_NON_LITERAL_NULL_CONVERSION = YES;
				CLANG_WARN_OBJC_IMPLICIT_RETAIN_SELF = YES;
				CLANG_WARN_OBJC_LITERAL_CONVERSION = YES;
				CLANG_WARN_OBJC_ROOT_CLASS = YES_ERROR;
				CLANG_WARN_RANGE_LOOP_ANALYSIS = YES;
				CLANG_WARN_STRICT_PROTOTYPES = YES;
				CLANG_WARN_SUSPICIOUS_MOVE = YES;
				CLANG_WARN_UNGUARDED_AVAILABILITY = YES_AGGRESSIVE;
				CLANG_WARN_UNREACHABLE_CODE = YES;
				CLANG_WARN__DUPLICATE_METHOD_MATCH = YES;
				COPY_PHASE_STRIP = NO;
				DEBUG_INFORMATION_FORMAT = "dwarf-with-dsym";
				ENABLE_NS_ASSERTIONS = NO;
				ENABLE_STRICT_OBJC_MSGSEND = YES;
				GCC_C_LANGUAGE_STANDARD = gnu11;
				GCC_NO_COMMON_BLOCKS = YES;
				GCC_WARN_64_TO_32_BIT_CONVERSION = YES;
				GCC_WARN_ABOUT_RETURN_TYPE = YES_ERROR;
				GCC_WARN_UNDECLARED_SELECTOR = YES;
				GCC_WARN_UNINITIALIZED_AUTOS = YES_AGGRESSIVE;
				GCC_WARN_UNUSED_FUNCTION = YES;
				GCC_WARN_UNUSED_VARIABLE = YES;
				IPHONEOS_DEPLOYMENT_TARGET = 13.2;
				MTL_ENABLE_DEBUG_INFO = NO;
				MTL_FAST_MATH = YES;
				SDKROOT = iphoneos;
				SWIFT_COMPILATION_MODE = wholemodule;
				SWIFT_OPTIMIZATION_LEVEL = "-O";
				VALIDATE_PRODUCT = YES;
			};
			name = Release;
		};
		06991830243CB75800077F61 /* Debug */ = {
			isa = XCBuildConfiguration;
			buildSettings = {
				ASSETCATALOG_COMPILER_APPICON_NAME = AppIcon;
				CODE_SIGN_STYLE = Automatic;
				DEVELOPMENT_TEAM = 526YR6WHWC;
				INFOPLIST_FILE = HoraDoCha/Info.plist;
				LD_RUNPATH_SEARCH_PATHS = (
					"$(inherited)",
					"@executable_path/Frameworks",
				);
				PRODUCT_BUNDLE_IDENTIFIER = com.gabrielabezerra.HoraDoCha;
				PRODUCT_NAME = "$(TARGET_NAME)";
				SWIFT_VERSION = 5.0;
				TARGETED_DEVICE_FAMILY = "1,2";
			};
			name = Debug;
		};
		06991831243CB75800077F61 /* Release */ = {
			isa = XCBuildConfiguration;
			buildSettings = {
				ASSETCATALOG_COMPILER_APPICON_NAME = AppIcon;
				CODE_SIGN_STYLE = Automatic;
				DEVELOPMENT_TEAM = 526YR6WHWC;
				INFOPLIST_FILE = HoraDoCha/Info.plist;
				LD_RUNPATH_SEARCH_PATHS = (
					"$(inherited)",
					"@executable_path/Frameworks",
				);
				PRODUCT_BUNDLE_IDENTIFIER = com.gabrielabezerra.HoraDoCha;
				PRODUCT_NAME = "$(TARGET_NAME)";
				SWIFT_VERSION = 5.0;
				TARGETED_DEVICE_FAMILY = "1,2";
			};
			name = Release;
		};
		06991833243CB75800077F61 /* Debug */ = {
			isa = XCBuildConfiguration;
			buildSettings = {
				ALWAYS_EMBED_SWIFT_STANDARD_LIBRARIES = YES;
				BUNDLE_LOADER = "$(TEST_HOST)";
				CLANG_ENABLE_MODULES = YES;
				CODE_SIGN_STYLE = Automatic;
				DEVELOPMENT_TEAM = 526YR6WHWC;
				INFOPLIST_FILE = HoraDoChaTests/Info.plist;
				IPHONEOS_DEPLOYMENT_TARGET = 13.2;
				LD_RUNPATH_SEARCH_PATHS = (
					"$(inherited)",
					"@executable_path/Frameworks",
					"@loader_path/Frameworks",
				);
				PRODUCT_BUNDLE_IDENTIFIER = com.gabrielabezerra.HoraDoChaTests;
				PRODUCT_NAME = "$(TARGET_NAME)";
				SWIFT_OPTIMIZATION_LEVEL = "-Onone";
				SWIFT_VERSION = 5.0;
				TARGETED_DEVICE_FAMILY = "1,2";
				TEST_HOST = "$(BUILT_PRODUCTS_DIR)/HoraDoCha.app/HoraDoCha";
			};
			name = Debug;
		};
		06991834243CB75800077F61 /* Release */ = {
			isa = XCBuildConfiguration;
			buildSettings = {
				ALWAYS_EMBED_SWIFT_STANDARD_LIBRARIES = YES;
				BUNDLE_LOADER = "$(TEST_HOST)";
				CLANG_ENABLE_MODULES = YES;
				CODE_SIGN_STYLE = Automatic;
				DEVELOPMENT_TEAM = 526YR6WHWC;
				INFOPLIST_FILE = HoraDoChaTests/Info.plist;
				IPHONEOS_DEPLOYMENT_TARGET = 13.2;
				LD_RUNPATH_SEARCH_PATHS = (
					"$(inherited)",
					"@executable_path/Frameworks",
					"@loader_path/Frameworks",
				);
				PRODUCT_BUNDLE_IDENTIFIER = com.gabrielabezerra.HoraDoChaTests;
				PRODUCT_NAME = "$(TARGET_NAME)";
				SWIFT_VERSION = 5.0;
				TARGETED_DEVICE_FAMILY = "1,2";
				TEST_HOST = "$(BUILT_PRODUCTS_DIR)/HoraDoCha.app/HoraDoCha";
			};
			name = Release;
		};
		06991836243CB75800077F61 /* Debug */ = {
			isa = XCBuildConfiguration;
			buildSettings = {
				ALWAYS_EMBED_SWIFT_STANDARD_LIBRARIES = YES;
				CODE_SIGN_STYLE = Automatic;
				DEVELOPMENT_TEAM = 526YR6WHWC;
				INFOPLIST_FILE = HoraDoChaUITests/Info.plist;
				LD_RUNPATH_SEARCH_PATHS = (
					"$(inherited)",
					"@executable_path/Frameworks",
					"@loader_path/Frameworks",
				);
				PRODUCT_BUNDLE_IDENTIFIER = com.gabrielabezerra.HoraDoChaUITests;
				PRODUCT_NAME = "$(TARGET_NAME)";
				SWIFT_VERSION = 5.0;
				TARGETED_DEVICE_FAMILY = "1,2";
				TEST_TARGET_NAME = HoraDoCha;
			};
			name = Debug;
		};
		06991837243CB75800077F61 /* Release */ = {
			isa = XCBuildConfiguration;
			buildSettings = {
				ALWAYS_EMBED_SWIFT_STANDARD_LIBRARIES = YES;
				CODE_SIGN_STYLE = Automatic;
				DEVELOPMENT_TEAM = 526YR6WHWC;
				INFOPLIST_FILE = HoraDoChaUITests/Info.plist;
				LD_RUNPATH_SEARCH_PATHS = (
					"$(inherited)",
					"@executable_path/Frameworks",
					"@loader_path/Frameworks",
				);
				PRODUCT_BUNDLE_IDENTIFIER = com.gabrielabezerra.HoraDoChaUITests;
				PRODUCT_NAME = "$(TARGET_NAME)";
				SWIFT_VERSION = 5.0;
				TARGETED_DEVICE_FAMILY = "1,2";
				TEST_TARGET_NAME = HoraDoCha;
			};
			name = Release;
		};
/* End XCBuildConfiguration section */

/* Begin XCConfigurationList section */
		06991800243CB75300077F61 /* Build configuration list for PBXProject "HoraDoCha" */ = {
			isa = XCConfigurationList;
			buildConfigurations = (
				0699182D243CB75800077F61 /* Debug */,
				0699182E243CB75800077F61 /* Release */,
			);
			defaultConfigurationIsVisible = 0;
			defaultConfigurationName = Release;
		};
		0699182F243CB75800077F61 /* Build configuration list for PBXNativeTarget "HoraDoCha" */ = {
			isa = XCConfigurationList;
			buildConfigurations = (
				06991830243CB75800077F61 /* Debug */,
				06991831243CB75800077F61 /* Release */,
			);
			defaultConfigurationIsVisible = 0;
			defaultConfigurationName = Release;
		};
		06991832243CB75800077F61 /* Build configuration list for PBXNativeTarget "HoraDoChaTests" */ = {
			isa = XCConfigurationList;
			buildConfigurations = (
				06991833243CB75800077F61 /* Debug */,
				06991834243CB75800077F61 /* Release */,
			);
			defaultConfigurationIsVisible = 0;
			defaultConfigurationName = Release;
		};
		06991835243CB75800077F61 /* Build configuration list for PBXNativeTarget "HoraDoChaUITests" */ = {
			isa = XCConfigurationList;
			buildConfigurations = (
				06991836243CB75800077F61 /* Debug */,
				06991837243CB75800077F61 /* Release */,
			);
			defaultConfigurationIsVisible = 0;
			defaultConfigurationName = Release;
		};
/* End XCConfigurationList section */
	};
	rootObject = 069917FD243CB75300077F61 /* Project object */;
}
